
Microsoft Visual Studio Solution File, Format Version 12.00
# Visual Studio Version 17
VisualStudioVersion = 17.5.33530.505
MinimumVisualStudioVersion = 10.0.40219.1
Project("{FAE04EC0-301F-11D3-BF4B-00C04F79EFBC}") = "aisd7a", "aisd7a\aisd7a.csproj", "{D4987966-8902-4A47-AAC1-2E2AD17BD157}"
EndProject
Global
	GlobalSection(SolutionConfigurationPlatforms) = preSolution
		Debug|Any CPU = Debug|Any CPU
		Release|Any CPU = Release|Any CPU
	EndGlobalSection
	GlobalSection(ProjectConfigurationPlatforms) = postSolution
		{D4987966-8902-4A47-AAC1-2E2AD17BD157}.Debug|Any CPU.ActiveCfg = Debug|Any CPU
		{D4987966-8902-4A47-AAC1-2E2AD17BD157}.Debug|Any CPU.Build.0 = Debug|Any CPU
		{D4987966-8902-4A47-AAC1-2E2AD17BD157}.Release|Any CPU.ActiveCfg = Release|Any CPU
		{D4987966-8902-4A47-AAC1-2E2AD17BD157}.Release|Any CPU.Build.0 = Release|Any CPU
	EndGlobalSection
	GlobalSection(SolutionProperties) = preSolution
		HideSolutionNode = FALSE
	EndGlobalSection
	GlobalSection(ExtensibilityGlobals) = postSolution
		SolutionGuid = {88B1DB44-5F06-4288-B313-CDC9687B06FB}
	EndGlobalSection
EndGlobal
